
Microsoft Visual Studio Solution File, Format Version 12.00
# Visual Studio 14
VisualStudioVersion = 14.0.25420.1
MinimumVisualStudioVersion = 10.0.40219.1
Project("{FAE04EC0-301F-11D3-BF4B-00C04F79EFBC}") = "TrainingLab", "TrainingLab\TrainingLab.csproj", "{41E2820A-EA05-4CC3-8CBC-7A114362EC91}"
EndProject
Project("{FAE04EC0-301F-11D3-BF4B-00C04F79EFBC}") = "TransportPrice", "TransportPrice\TransportPrice.csproj", "{74C3BDC5-612D-4D22-BCF4-2D9EC442DD7C}"
EndProject
Project("{FAE04EC0-301F-11D3-BF4B-00C04F79EFBC}") = "OnTimefortheExam", "OnTimefortheExam\OnTimefortheExam.csproj", "{A023E209-E4EA-474E-9A4F-AD676CA4A579}"
EndProject
Project("{FAE04EC0-301F-11D3-BF4B-00C04F79EFBC}") = "Histogram", "Histogram\Histogram.csproj", "{7536C384-72EB-4CD3-99BD-EE2D7F93189E}"
EndProject
Project("{FAE04EC0-301F-11D3-BF4B-00C04F79EFBC}") = "DrawFort", "DrawFort\DrawFort.csproj", "{DEB10FF7-928E-40F7-9A60-56149C879F8D}"
EndProject
Project("{FAE04EC0-301F-11D3-BF4B-00C04F79EFBC}") = "StupidPasswordGenerator", "StupidPasswordGenerator\StupidPasswordGenerator.csproj", "{3E1B5E96-8991-43C8-8437-0A6C53A7DE97}"
EndProject
Global
	GlobalSection(SolutionConfigurationPlatforms) = preSolution
		Debug|Any CPU = Debug|Any CPU
		Release|Any CPU = Release|Any CPU
	EndGlobalSection
	GlobalSection(ProjectConfigurationPlatforms) = postSolution
		{41E2820A-EA05-4CC3-8CBC-7A114362EC91}.Debug|Any CPU.ActiveCfg = Debug|Any CPU
		{41E2820A-EA05-4CC3-8CBC-7A114362EC91}.Debug|Any CPU.Build.0 = Debug|Any CPU
		{41E2820A-EA05-4CC3-8CBC-7A114362EC91}.Release|Any CPU.ActiveCfg = Release|Any CPU
		{41E2820A-EA05-4CC3-8CBC-7A114362EC91}.Release|Any CPU.Build.0 = Release|Any CPU
		{74C3BDC5-612D-4D22-BCF4-2D9EC442DD7C}.Debug|Any CPU.ActiveCfg = Debug|Any CPU
		{74C3BDC5-612D-4D22-BCF4-2D9EC442DD7C}.Debug|Any CPU.Build.0 = Debug|Any CPU
		{74C3BDC5-612D-4D22-BCF4-2D9EC442DD7C}.Release|Any CPU.ActiveCfg = Release|Any CPU
		{74C3BDC5-612D-4D22-BCF4-2D9EC442DD7C}.Release|Any CPU.Build.0 = Release|Any CPU
		{A023E209-E4EA-474E-9A4F-AD676CA4A579}.Debug|Any CPU.ActiveCfg = Debug|Any CPU
		{A023E209-E4EA-474E-9A4F-AD676CA4A579}.Debug|Any CPU.Build.0 = Debug|Any CPU
		{A023E209-E4EA-474E-9A4F-AD676CA4A579}.Release|Any CPU.ActiveCfg = Release|Any CPU
		{A023E209-E4EA-474E-9A4F-AD676CA4A579}.Release|Any CPU.Build.0 = Release|Any CPU
		{7536C384-72EB-4CD3-99BD-EE2D7F93189E}.Debug|Any CPU.ActiveCfg = Debug|Any CPU
		{7536C384-72EB-4CD3-99BD-EE2D7F93189E}.Debug|Any CPU.Build.0 = Debug|Any CPU
		{7536C384-72EB-4CD3-99BD-EE2D7F93189E}.Release|Any CPU.ActiveCfg = Release|Any CPU
		{7536C384-72EB-4CD3-99BD-EE2D7F93189E}.Release|Any CPU.Build.0 = Release|Any CPU
		{DEB10FF7-928E-40F7-9A60-56149C879F8D}.Debug|Any CPU.ActiveCfg = Debug|Any CPU
		{DEB10FF7-928E-40F7-9A60-56149C879F8D}.Debug|Any CPU.Build.0 = Debug|Any CPU
		{DEB10FF7-928E-40F7-9A60-56149C879F8D}.Release|Any CPU.ActiveCfg = Release|Any CPU
		{DEB10FF7-928E-40F7-9A60-56149C879F8D}.Release|Any CPU.Build.0 = Release|Any CPU
		{3E1B5E96-8991-43C8-8437-0A6C53A7DE97}.Debug|Any CPU.ActiveCfg = Debug|Any CPU
		{3E1B5E96-8991-43C8-8437-0A6C53A7DE97}.Debug|Any CPU.Build.0 = Debug|Any CPU
		{3E1B5E96-8991-43C8-8437-0A6C53A7DE97}.Release|Any CPU.ActiveCfg = Release|Any CPU
		{3E1B5E96-8991-43C8-8437-0A6C53A7DE97}.Release|Any CPU.Build.0 = Release|Any CPU
	EndGlobalSection
	GlobalSection(SolutionProperties) = preSolution
		HideSolutionNode = FALSE
	EndGlobalSection
EndGlobal
